
Microsoft Visual Studio Solution File, Format Version 12.00
# Visual Studio Version 17
VisualStudioVersion = 17.0.31903.59
MinimumVisualStudioVersion = 10.0.40219.1
Project("{2150E333-8FDC-42A3-9474-1A3956D46DE8}") = "demo", "demo", "{A39C23D2-F2C0-258D-165A-CF1E7FEE6E7B}"
EndProject
Project("{FAE04EC0-301F-11D3-BF4B-00C04F79EFBC}") = "SemanticQueryDemo", "demo\SemanticQueryDemo\SemanticQueryDemo.csproj", "{5BA247B5-42EE-4293-BF73-4667AC1BE91F}"
EndProject
Project("{2150E333-8FDC-42A3-9474-1A3956D46DE8}") = "src", "src", "{827E0CD3-B72D-47B6-A68D-7590B98EB39B}"
EndProject
Project("{FAE04EC0-301F-11D3-BF4B-00C04F79EFBC}") = "SemanticQueries.Core", "src\SemanticQueries.Core\SemanticQueries.Core.csproj", "{EA072E41-3618-49D6-9D12-3A4C8F3CAF85}"
EndProject
Project("{FAE04EC0-301F-11D3-BF4B-00C04F79EFBC}") = "MiniCompiler.IR", "src\MiniCompiler.IR\MiniCompiler.IR.csproj", "{0B79111E-0C5C-4B85-A2C9-421EB7ECAC4D}"
EndProject
Project("{FAE04EC0-301F-11D3-BF4B-00C04F79EFBC}") = "SemanticContracts", "src\SemanticContracts\SemanticContracts.csproj", "{979F331F-D9BC-46A7-88DA-140D09ECB37F}"
EndProject
Project("{FAE04EC0-301F-11D3-BF4B-00C04F79EFBC}") = "Packages.BasicRange", "src\Packages.BasicRange\Packages.BasicRange.csproj", "{37F7BF36-8960-4781-A69E-2D3DAF728B4B}"
EndProject
Project("{FAE04EC0-301F-11D3-BF4B-00C04F79EFBC}") = "Packages.ArraySemantics", "src\Packages.ArraySemantics\Packages.ArraySemantics.csproj", "{2B6A6F72-CCD2-4FD0-B745-E6F2AF29B1A3}"
EndProject
Project("{FAE04EC0-301F-11D3-BF4B-00C04F79EFBC}") = "Packages.BoundsBridge", "src\Packages.BoundsBridge\Packages.BoundsBridge.csproj", "{79255995-6356-4DAD-AB34-B8C6FCF55DE6}"
EndProject
Project("{FAE04EC0-301F-11D3-BF4B-00C04F79EFBC}") = "Packages.BoundsOptimizer", "src\Packages.BoundsOptimizer\Packages.BoundsOptimizer.csproj", "{AACC8F4E-1695-4ABE-AFF5-8E88BC859E2B}"
EndProject
Project("{FAE04EC0-301F-11D3-BF4B-00C04F79EFBC}") = "Packages.LoopRange", "src\Packages.LoopRange\Packages.LoopRange.csproj", "{CE87DD32-A5D0-4EA1-B4F0-79F0F663E60A}"
EndProject
Project("{FAE04EC0-301F-11D3-BF4B-00C04F79EFBC}") = "Packages.BranchProfile", "src\Packages.BranchProfile\Packages.BranchProfile.csproj", "{78238556-C4B4-4895-8CFC-C61A67544BFD}"
EndProject
Project("{FAE04EC0-301F-11D3-BF4B-00C04F79EFBC}") = "Packages.BranchLayout", "src\Packages.BranchLayout\Packages.BranchLayout.csproj", "{9FBE1302-04EB-4F7D-85B4-3552CA5F577D}"
EndProject
Project("{FAE04EC0-301F-11D3-BF4B-00C04F79EFBC}") = "Packages.BranchSimplifier", "src\Packages.BranchSimplifier\Packages.BranchSimplifier.csproj", "{48624E1E-E39C-478A-8881-D720D9215899}"
EndProject
Project("{FAE04EC0-301F-11D3-BF4B-00C04F79EFBC}") = "Baseline.DirectServices", "src\Baseline.DirectServices\Baseline.DirectServices.csproj", "{1DF577F4-931A-4ABA-86C1-38BDBD295113}"
EndProject
Project("{2150E333-8FDC-42A3-9474-1A3956D46DE8}") = "benchmarks", "benchmarks", "{66320409-64EC-F7C5-3DEF-65E7510DAAD1}"
EndProject
Project("{FAE04EC0-301F-11D3-BF4B-00C04F79EFBC}") = "SemanticQueries.Microbenchmarks", "benchmarks\SemanticQueries.Microbenchmarks\SemanticQueries.Microbenchmarks.csproj", "{16AA5D1D-7F56-4447-B0D2-B52F462248D1}"
EndProject
Project("{2150E333-8FDC-42A3-9474-1A3956D46DE8}") = "tests", "tests", "{0AB3BF05-4346-4AA6-1389-037BE0695223}"
EndProject
Project("{FAE04EC0-301F-11D3-BF4B-00C04F79EFBC}") = "SemanticQueries.Tests", "tests\SemanticQueries.Tests\SemanticQueries.Tests.csproj", "{036A6A73-B90C-48EE-A761-CF023635C632}"
EndProject
Global
	GlobalSection(SolutionConfigurationPlatforms) = preSolution
		Debug|Any CPU = Debug|Any CPU
		Debug|x64 = Debug|x64
		Debug|x86 = Debug|x86
		Release|Any CPU = Release|Any CPU
		Release|x64 = Release|x64
		Release|x86 = Release|x86
	EndGlobalSection
	GlobalSection(ProjectConfigurationPlatforms) = postSolution
		{5BA247B5-42EE-4293-BF73-4667AC1BE91F}.Debug|Any CPU.ActiveCfg = Debug|Any CPU
		{5BA247B5-42EE-4293-BF73-4667AC1BE91F}.Debug|Any CPU.Build.0 = Debug|Any CPU
		{5BA247B5-42EE-4293-BF73-4667AC1BE91F}.Debug|x64.ActiveCfg = Debug|Any CPU
		{5BA247B5-42EE-4293-BF73-4667AC1BE91F}.Debug|x64.Build.0 = Debug|Any CPU
		{5BA247B5-42EE-4293-BF73-4667AC1BE91F}.Debug|x86.ActiveCfg = Debug|Any CPU
		{5BA247B5-42EE-4293-BF73-4667AC1BE91F}.Debug|x86.Build.0 = Debug|Any CPU
		{5BA247B5-42EE-4293-BF73-4667AC1BE91F}.Release|Any CPU.ActiveCfg = Release|Any CPU
		{5BA247B5-42EE-4293-BF73-4667AC1BE91F}.Release|Any CPU.Build.0 = Release|Any CPU
		{5BA247B5-42EE-4293-BF73-4667AC1BE91F}.Release|x64.ActiveCfg = Release|Any CPU
		{5BA247B5-42EE-4293-BF73-4667AC1BE91F}.Release|x64.Build.0 = Release|Any CPU
		{5BA247B5-42EE-4293-BF73-4667AC1BE91F}.Release|x86.ActiveCfg = Release|Any CPU
		{5BA247B5-42EE-4293-BF73-4667AC1BE91F}.Release|x86.Build.0 = Release|Any CPU
		{EA072E41-3618-49D6-9D12-3A4C8F3CAF85}.Debug|Any CPU.ActiveCfg = Debug|Any CPU
		{EA072E41-3618-49D6-9D12-3A4C8F3CAF85}.Debug|Any CPU.Build.0 = Debug|Any CPU
		{EA072E41-3618-49D6-9D12-3A4C8F3CAF85}.Debug|x64.ActiveCfg = Debug|Any CPU
		{EA072E41-3618-49D6-9D12-3A4C8F3CAF85}.Debug|x64.Build.0 = Debug|Any CPU
		{EA072E41-3618-49D6-9D12-3A4C8F3CAF85}.Debug|x86.ActiveCfg = Debug|Any CPU
		{EA072E41-3618-49D6-9D12-3A4C8F3CAF85}.Debug|x86.Build.0 = Debug|Any CPU
		{EA072E41-3618-49D6-9D12-3A4C8F3CAF85}.Release|Any CPU.ActiveCfg = Release|Any CPU
		{EA072E41-3618-49D6-9D12-3A4C8F3CAF85}.Release|Any CPU.Build.0 = Release|Any CPU
		{EA072E41-3618-49D6-9D12-3A4C8F3CAF85}.Release|x64.ActiveCfg = Release|Any CPU
		{EA072E41-3618-49D6-9D12-3A4C8F3CAF85}.Release|x64.Build.0 = Release|Any CPU
		{EA072E41-3618-49D6-9D12-3A4C8F3CAF85}.Release|x86.ActiveCfg = Release|Any CPU
		{EA072E41-3618-49D6-9D12-3A4C8F3CAF85}.Release|x86.Build.0 = Release|Any CPU
		{0B79111E-0C5C-4B85-A2C9-421EB7ECAC4D}.Debug|Any CPU.ActiveCfg = Debug|Any CPU
		{0B79111E-0C5C-4B85-A2C9-421EB7ECAC4D}.Debug|Any CPU.Build.0 = Debug|Any CPU
		{0B79111E-0C5C-4B85-A2C9-421EB7ECAC4D}.Debug|x64.ActiveCfg = Debug|Any CPU
		{0B79111E-0C5C-4B85-A2C9-421EB7ECAC4D}.Debug|x64.Build.0 = Debug|Any CPU
		{0B79111E-0C5C-4B85-A2C9-421EB7ECAC4D}.Debug|x86.ActiveCfg = Debug|Any CPU
		{0B79111E-0C5C-4B85-A2C9-421EB7ECAC4D}.Debug|x86.Build.0 = Debug|Any CPU
		{0B79111E-0C5C-4B85-A2C9-421EB7ECAC4D}.Release|Any CPU.ActiveCfg = Release|Any CPU
		{0B79111E-0C5C-4B85-A2C9-421EB7ECAC4D}.Release|Any CPU.Build.0 = Release|Any CPU
		{0B79111E-0C5C-4B85-A2C9-421EB7ECAC4D}.Release|x64.ActiveCfg = Release|Any CPU
		{0B79111E-0C5C-4B85-A2C9-421EB7ECAC4D}.Release|x64.Build.0 = Release|Any CPU
		{0B79111E-0C5C-4B85-A2C9-421EB7ECAC4D}.Release|x86.ActiveCfg = Release|Any CPU
		{0B79111E-0C5C-4B85-A2C9-421EB7ECAC4D}.Release|x86.Build.0 = Release|Any CPU
		{979F331F-D9BC-46A7-88DA-140D09ECB37F}.Debug|Any CPU.ActiveCfg = Debug|Any CPU
		{979F331F-D9BC-46A7-88DA-140D09ECB37F}.Debug|Any CPU.Build.0 = Debug|Any CPU
		{979F331F-D9BC-46A7-88DA-140D09ECB37F}.Debug|x64.ActiveCfg = Debug|Any CPU
		{979F331F-D9BC-46A7-88DA-140D09ECB37F}.Debug|x64.Build.0 = Debug|Any CPU
		{979F331F-D9BC-46A7-88DA-140D09ECB37F}.Debug|x86.ActiveCfg = Debug|Any CPU
		{979F331F-D9BC-46A7-88DA-140D09ECB37F}.Debug|x86.Build.0 = Debug|Any CPU
		{979F331F-D9BC-46A7-88DA-140D09ECB37F}.Release|Any CPU.ActiveCfg = Release|Any CPU
		{979F331F-D9BC-46A7-88DA-140D09ECB37F}.Release|Any CPU.Build.0 = Release|Any CPU
		{979F331F-D9BC-46A7-88DA-140D09ECB37F}.Release|x64.ActiveCfg = Release|Any CPU
		{979F331F-D9BC-46A7-88DA-140D09ECB37F}.Release|x64.Build.0 = Release|Any CPU
		{979F331F-D9BC-46A7-88DA-140D09ECB37F}.Release|x86.ActiveCfg = Release|Any CPU
		{979F331F-D9BC-46A7-88DA-140D09ECB37F}.Release|x86.Build.0 = Release|Any CPU
		{37F7BF36-8960-4781-A69E-2D3DAF728B4B}.Debug|Any CPU.ActiveCfg = Debug|Any CPU
		{37F7BF36-8960-4781-A69E-2D3DAF728B4B}.Debug|Any CPU.Build.0 = Debug|Any CPU
		{37F7BF36-8960-4781-A69E-2D3DAF728B4B}.Debug|x64.ActiveCfg = Debug|Any CPU
		{37F7BF36-8960-4781-A69E-2D3DAF728B4B}.Debug|x64.Build.0 = Debug|Any CPU
		{37F7BF36-8960-4781-A69E-2D3DAF728B4B}.Debug|x86.ActiveCfg = Debug|Any CPU
		{37F7BF36-8960-4781-A69E-2D3DAF728B4B}.Debug|x86.Build.0 = Debug|Any CPU
		{37F7BF36-8960-4781-A69E-2D3DAF728B4B}.Release|Any CPU.ActiveCfg = Release|Any CPU
		{37F7BF36-8960-4781-A69E-2D3DAF728B4B}.Release|Any CPU.Build.0 = Release|Any CPU
		{37F7BF36-8960-4781-A69E-2D3DAF728B4B}.Release|x64.ActiveCfg = Release|Any CPU
		{37F7BF36-8960-4781-A69E-2D3DAF728B4B}.Release|x64.Build.0 = Release|Any CPU
		{37F7BF36-8960-4781-A69E-2D3DAF728B4B}.Release|x86.ActiveCfg = Release|Any CPU
		{37F7BF36-8960-4781-A69E-2D3DAF728B4B}.Release|x86.Build.0 = Release|Any CPU
		{2B6A6F72-CCD2-4FD0-B745-E6F2AF29B1A3}.Debug|Any CPU.ActiveCfg = Debug|Any CPU
		{2B6A6F72-CCD2-4FD0-B745-E6F2AF29B1A3}.Debug|Any CPU.Build.0 = Debug|Any CPU
		{2B6A6F72-CCD2-4FD0-B745-E6F2AF29B1A3}.Debug|x64.ActiveCfg = Debug|Any CPU
		{2B6A6F72-CCD2-4FD0-B745-E6F2AF29B1A3}.Debug|x64.Build.0 = Debug|Any CPU
		{2B6A6F72-CCD2-4FD0-B745-E6F2AF29B1A3}.Debug|x86.ActiveCfg = Debug|Any CPU
		{2B6A6F72-CCD2-4FD0-B745-E6F2AF29B1A3}.Debug|x86.Build.0 = Debug|Any CPU
		{2B6A6F72-CCD2-4FD0-B745-E6F2AF29B1A3}.Release|Any CPU.ActiveCfg = Release|Any CPU
		{2B6A6F72-CCD2-4FD0-B745-E6F2AF29B1A3}.Release|Any CPU.Build.0 = Release|Any CPU
		{2B6A6F72-CCD2-4FD0-B745-E6F2AF29B1A3}.Release|x64.ActiveCfg = Release|Any CPU
		{2B6A6F72-CCD2-4FD0-B745-E6F2AF29B1A3}.Release|x64.Build.0 = Release|Any CPU
		{2B6A6F72-CCD2-4FD0-B745-E6F2AF29B1A3}.Release|x86.ActiveCfg = Release|Any CPU
		{2B6A6F72-CCD2-4FD0-B745-E6F2AF29B1A3}.Release|x86.Build.0 = Release|Any CPU
		{79255995-6356-4DAD-AB34-B8C6FCF55DE6}.Debug|Any CPU.ActiveCfg = Debug|Any CPU
		{79255995-6356-4DAD-AB34-B8C6FCF55DE6}.Debug|Any CPU.Build.0 = Debug|Any CPU
		{79255995-6356-4DAD-AB34-B8C6FCF55DE6}.Debug|x64.ActiveCfg = Debug|Any CPU
		{79255995-6356-4DAD-AB34-B8C6FCF55DE6}.Debug|x64.Build.0 = Debug|Any CPU
		{79255995-6356-4DAD-AB34-B8C6FCF55DE6}.Debug|x86.ActiveCfg = Debug|Any CPU
		{79255995-6356-4DAD-AB34-B8C6FCF55DE6}.Debug|x86.Build.0 = Debug|Any CPU
		{79255995-6356-4DAD-AB34-B8C6FCF55DE6}.Release|Any CPU.ActiveCfg = Release|Any CPU
		{79255995-6356-4DAD-AB34-B8C6FCF55DE6}.Release|Any CPU.Build.0 = Release|Any CPU
		{79255995-6356-4DAD-AB34-B8C6FCF55DE6}.Release|x64.ActiveCfg = Release|Any CPU
		{79255995-6356-4DAD-AB34-B8C6FCF55DE6}.Release|x64.Build.0 = Release|Any CPU
		{79255995-6356-4DAD-AB34-B8C6FCF55DE6}.Release|x86.ActiveCfg = Release|Any CPU
		{79255995-6356-4DAD-AB34-B8C6FCF55DE6}.Release|x86.Build.0 = Release|Any CPU
		{AACC8F4E-1695-4ABE-AFF5-8E88BC859E2B}.Debug|Any CPU.ActiveCfg = Debug|Any CPU
		{AACC8F4E-1695-4ABE-AFF5-8E88BC859E2B}.Debug|Any CPU.Build.0 = Debug|Any CPU
		{AACC8F4E-1695-4ABE-AFF5-8E88BC859E2B}.Debug|x64.ActiveCfg = Debug|Any CPU
		{AACC8F4E-1695-4ABE-AFF5-8E88BC859E2B}.Debug|x64.Build.0 = Debug|Any CPU
		{AACC8F4E-1695-4ABE-AFF5-8E88BC859E2B}.Debug|x86.ActiveCfg = Debug|Any CPU
		{AACC8F4E-1695-4ABE-AFF5-8E88BC859E2B}.Debug|x86.Build.0 = Debug|Any CPU
		{AACC8F4E-1695-4ABE-AFF5-8E88BC859E2B}.Release|Any CPU.ActiveCfg = Release|Any CPU
		{AACC8F4E-1695-4ABE-AFF5-8E88BC859E2B}.Release|Any CPU.Build.0 = Release|Any CPU
		{AACC8F4E-1695-4ABE-AFF5-8E88BC859E2B}.Release|x64.ActiveCfg = Release|Any CPU
		{AACC8F4E-1695-4ABE-AFF5-8E88BC859E2B}.Release|x64.Build.0 = Release|Any CPU
		{AACC8F4E-1695-4ABE-AFF5-8E88BC859E2B}.Release|x86.ActiveCfg = Release|Any CPU
		{AACC8F4E-1695-4ABE-AFF5-8E88BC859E2B}.Release|x86.Build.0 = Release|Any CPU
		{CE87DD32-A5D0-4EA1-B4F0-79F0F663E60A}.Debug|Any CPU.ActiveCfg = Debug|Any CPU
		{CE87DD32-A5D0-4EA1-B4F0-79F0F663E60A}.Debug|Any CPU.Build.0 = Debug|Any CPU
		{CE87DD32-A5D0-4EA1-B4F0-79F0F663E60A}.Debug|x64.ActiveCfg = Debug|Any CPU
		{CE87DD32-A5D0-4EA1-B4F0-79F0F663E60A}.Debug|x64.Build.0 = Debug|Any CPU
		{CE87DD32-A5D0-4EA1-B4F0-79F0F663E60A}.Debug|x86.ActiveCfg = Debug|Any CPU
		{CE87DD32-A5D0-4EA1-B4F0-79F0F663E60A}.Debug|x86.Build.0 = Debug|Any CPU
		{CE87DD32-A5D0-4EA1-B4F0-79F0F663E60A}.Release|Any CPU.ActiveCfg = Release|Any CPU
		{CE87DD32-A5D0-4EA1-B4F0-79F0F663E60A}.Release|Any CPU.Build.0 = Release|Any CPU
		{CE87DD32-A5D0-4EA1-B4F0-79F0F663E60A}.Release|x64.ActiveCfg = Release|Any CPU
		{CE87DD32-A5D0-4EA1-B4F0-79F0F663E60A}.Release|x64.Build.0 = Release|Any CPU
		{CE87DD32-A5D0-4EA1-B4F0-79F0F663E60A}.Release|x86.ActiveCfg = Release|Any CPU
		{CE87DD32-A5D0-4EA1-B4F0-79F0F663E60A}.Release|x86.Build.0 = Release|Any CPU
		{78238556-C4B4-4895-8CFC-C61A67544BFD}.Debug|Any CPU.ActiveCfg = Debug|Any CPU
		{78238556-C4B4-4895-8CFC-C61A67544BFD}.Debug|Any CPU.Build.0 = Debug|Any CPU
		{78238556-C4B4-4895-8CFC-C61A67544BFD}.Debug|x64.ActiveCfg = Debug|Any CPU
		{78238556-C4B4-4895-8CFC-C61A67544BFD}.Debug|x64.Build.0 = Debug|Any CPU
		{78238556-C4B4-4895-8CFC-C61A67544BFD}.Debug|x86.ActiveCfg = Debug|Any CPU
		{78238556-C4B4-4895-8CFC-C61A67544BFD}.Debug|x86.Build.0 = Debug|Any CPU
		{78238556-C4B4-4895-8CFC-C61A67544BFD}.Release|Any CPU.ActiveCfg = Release|Any CPU
		{78238556-C4B4-4895-8CFC-C61A67544BFD}.Release|Any CPU.Build.0 = Release|Any CPU
		{78238556-C4B4-4895-8CFC-C61A67544BFD}.Release|x64.ActiveCfg = Release|Any CPU
		{78238556-C4B4-4895-8CFC-C61A67544BFD}.Release|x64.Build.0 = Release|Any CPU
		{78238556-C4B4-4895-8CFC-C61A67544BFD}.Release|x86.ActiveCfg = Release|Any CPU
		{78238556-C4B4-4895-8CFC-C61A67544BFD}.Release|x86.Build.0 = Release|Any CPU
		{9FBE1302-04EB-4F7D-85B4-3552CA5F577D}.Debug|Any CPU.ActiveCfg = Debug|Any CPU
		{9FBE1302-04EB-4F7D-85B4-3552CA5F577D}.Debug|Any CPU.Build.0 = Debug|Any CPU
		{9FBE1302-04EB-4F7D-85B4-3552CA5F577D}.Debug|x64.ActiveCfg = Debug|Any CPU
		{9FBE1302-04EB-4F7D-85B4-3552CA5F577D}.Debug|x64.Build.0 = Debug|Any CPU
		{9FBE1302-04EB-4F7D-85B4-3552CA5F577D}.Debug|x86.ActiveCfg = Debug|Any CPU
		{9FBE1302-04EB-4F7D-85B4-3552CA5F577D}.Debug|x86.Build.0 = Debug|Any CPU
		{9FBE1302-04EB-4F7D-85B4-3552CA5F577D}.Release|Any CPU.ActiveCfg = Release|Any CPU
		{9FBE1302-04EB-4F7D-85B4-3552CA5F577D}.Release|Any CPU.Build.0 = Release|Any CPU
		{9FBE1302-04EB-4F7D-85B4-3552CA5F577D}.Release|x64.ActiveCfg = Release|Any CPU
		{9FBE1302-04EB-4F7D-85B4-3552CA5F577D}.Release|x64.Build.0 = Release|Any CPU
		{9FBE1302-04EB-4F7D-85B4-3552CA5F577D}.Release|x86.ActiveCfg = Release|Any CPU
		{9FBE1302-04EB-4F7D-85B4-3552CA5F577D}.Release|x86.Build.0 = Release|Any CPU
		{48624E1E-E39C-478A-8881-D720D9215899}.Debug|Any CPU.ActiveCfg = Debug|Any CPU
		{48624E1E-E39C-478A-8881-D720D9215899}.Debug|Any CPU.Build.0 = Debug|Any CPU
		{48624E1E-E39C-478A-8881-D720D9215899}.Debug|x64.ActiveCfg = Debug|Any CPU
		{48624E1E-E39C-478A-8881-D720D9215899}.Debug|x64.Build.0 = Debug|Any CPU
		{48624E1E-E39C-478A-8881-D720D9215899}.Debug|x86.ActiveCfg = Debug|Any CPU
		{48624E1E-E39C-478A-8881-D720D9215899}.Debug|x86.Build.0 = Debug|Any CPU
		{48624E1E-E39C-478A-8881-D720D9215899}.Release|Any CPU.ActiveCfg = Release|Any CPU
		{48624E1E-E39C-478A-8881-D720D9215899}.Release|Any CPU.Build.0 = Release|Any CPU
		{48624E1E-E39C-478A-8881-D720D9215899}.Release|x64.ActiveCfg = Release|Any CPU
		{48624E1E-E39C-478A-8881-D720D9215899}.Release|x64.Build.0 = Release|Any CPU
		{48624E1E-E39C-478A-8881-D720D9215899}.Release|x86.ActiveCfg = Release|Any CPU
		{48624E1E-E39C-478A-8881-D720D9215899}.Release|x86.Build.0 = Release|Any CPU
		{1DF577F4-931A-4ABA-86C1-38BDBD295113}.Debug|Any CPU.ActiveCfg = Debug|Any CPU
		{1DF577F4-931A-4ABA-86C1-38BDBD295113}.Debug|Any CPU.Build.0 = Debug|Any CPU
		{1DF577F4-931A-4ABA-86C1-38BDBD295113}.Debug|x64.ActiveCfg = Debug|Any CPU
		{1DF577F4-931A-4ABA-86C1-38BDBD295113}.Debug|x64.Build.0 = Debug|Any CPU
		{1DF577F4-931A-4ABA-86C1-38BDBD295113}.Debug|x86.ActiveCfg = Debug|Any CPU
		{1DF577F4-931A-4ABA-86C1-38BDBD295113}.Debug|x86.Build.0 = Debug|Any CPU
		{1DF577F4-931A-4ABA-86C1-38BDBD295113}.Release|Any CPU.ActiveCfg = Release|Any CPU
		{1DF577F4-931A-4ABA-86C1-38BDBD295113}.Release|Any CPU.Build.0 = Release|Any CPU
		{1DF577F4-931A-4ABA-86C1-38BDBD295113}.Release|x64.ActiveCfg = Release|Any CPU
		{1DF577F4-931A-4ABA-86C1-38BDBD295113}.Release|x64.Build.0 = Release|Any CPU
		{1DF577F4-931A-4ABA-86C1-38BDBD295113}.Release|x86.ActiveCfg = Release|Any CPU
		{1DF577F4-931A-4ABA-86C1-38BDBD295113}.Release|x86.Build.0 = Release|Any CPU
		{16AA5D1D-7F56-4447-B0D2-B52F462248D1}.Debug|Any CPU.ActiveCfg = Debug|Any CPU
		{16AA5D1D-7F56-4447-B0D2-B52F462248D1}.Debug|Any CPU.Build.0 = Debug|Any CPU
		{16AA5D1D-7F56-4447-B0D2-B52F462248D1}.Debug|x64.ActiveCfg = Debug|Any CPU
		{16AA5D1D-7F56-4447-B0D2-B52F462248D1}.Debug|x64.Build.0 = Debug|Any CPU
		{16AA5D1D-7F56-4447-B0D2-B52F462248D1}.Debug|x86.ActiveCfg = Debug|Any CPU
		{16AA5D1D-7F56-4447-B0D2-B52F462248D1}.Debug|x86.Build.0 = Debug|Any CPU
		{16AA5D1D-7F56-4447-B0D2-B52F462248D1}.Release|Any CPU.ActiveCfg = Release|Any CPU
		{16AA5D1D-7F56-4447-B0D2-B52F462248D1}.Release|Any CPU.Build.0 = Release|Any CPU
		{16AA5D1D-7F56-4447-B0D2-B52F462248D1}.Release|x64.ActiveCfg = Release|Any CPU
		{16AA5D1D-7F56-4447-B0D2-B52F462248D1}.Release|x64.Build.0 = Release|Any CPU
		{16AA5D1D-7F56-4447-B0D2-B52F462248D1}.Release|x86.ActiveCfg = Release|Any CPU
		{16AA5D1D-7F56-4447-B0D2-B52F462248D1}.Release|x86.Build.0 = Release|Any CPU
		{036A6A73-B90C-48EE-A761-CF023635C632}.Debug|Any CPU.ActiveCfg = Debug|Any CPU
		{036A6A73-B90C-48EE-A761-CF023635C632}.Debug|Any CPU.Build.0 = Debug|Any CPU
		{036A6A73-B90C-48EE-A761-CF023635C632}.Debug|x64.ActiveCfg = Debug|Any CPU
		{036A6A73-B90C-48EE-A761-CF023635C632}.Debug|x64.Build.0 = Debug|Any CPU
		{036A6A73-B90C-48EE-A761-CF023635C632}.Debug|x86.ActiveCfg = Debug|Any CPU
		{036A6A73-B90C-48EE-A761-CF023635C632}.Debug|x86.Build.0 = Debug|Any CPU
		{036A6A73-B90C-48EE-A761-CF023635C632}.Release|Any CPU.ActiveCfg = Release|Any CPU
		{036A6A73-B90C-48EE-A761-CF023635C632}.Release|Any CPU.Build.0 = Release|Any CPU
		{036A6A73-B90C-48EE-A761-CF023635C632}.Release|x64.ActiveCfg = Release|Any CPU
		{036A6A73-B90C-48EE-A761-CF023635C632}.Release|x64.Build.0 = Release|Any CPU
		{036A6A73-B90C-48EE-A761-CF023635C632}.Release|x86.ActiveCfg = Release|Any CPU
		{036A6A73-B90C-48EE-A761-CF023635C632}.Release|x86.Build.0 = Release|Any CPU
	EndGlobalSection
	GlobalSection(SolutionProperties) = preSolution
		HideSolutionNode = FALSE
	EndGlobalSection
	GlobalSection(NestedProjects) = preSolution
		{5BA247B5-42EE-4293-BF73-4667AC1BE91F} = {A39C23D2-F2C0-258D-165A-CF1E7FEE6E7B}
		{EA072E41-3618-49D6-9D12-3A4C8F3CAF85} = {827E0CD3-B72D-47B6-A68D-7590B98EB39B}
		{0B79111E-0C5C-4B85-A2C9-421EB7ECAC4D} = {827E0CD3-B72D-47B6-A68D-7590B98EB39B}
		{979F331F-D9BC-46A7-88DA-140D09ECB37F} = {827E0CD3-B72D-47B6-A68D-7590B98EB39B}
		{37F7BF36-8960-4781-A69E-2D3DAF728B4B} = {827E0CD3-B72D-47B6-A68D-7590B98EB39B}
		{2B6A6F72-CCD2-4FD0-B745-E6F2AF29B1A3} = {827E0CD3-B72D-47B6-A68D-7590B98EB39B}
		{79255995-6356-4DAD-AB34-B8C6FCF55DE6} = {827E0CD3-B72D-47B6-A68D-7590B98EB39B}
		{AACC8F4E-1695-4ABE-AFF5-8E88BC859E2B} = {827E0CD3-B72D-47B6-A68D-7590B98EB39B}
		{CE87DD32-A5D0-4EA1-B4F0-79F0F663E60A} = {827E0CD3-B72D-47B6-A68D-7590B98EB39B}
		{78238556-C4B4-4895-8CFC-C61A67544BFD} = {827E0CD3-B72D-47B6-A68D-7590B98EB39B}
		{9FBE1302-04EB-4F7D-85B4-3552CA5F577D} = {827E0CD3-B72D-47B6-A68D-7590B98EB39B}
		{48624E1E-E39C-478A-8881-D720D9215899} = {827E0CD3-B72D-47B6-A68D-7590B98EB39B}
		{1DF577F4-931A-4ABA-86C1-38BDBD295113} = {827E0CD3-B72D-47B6-A68D-7590B98EB39B}
		{16AA5D1D-7F56-4447-B0D2-B52F462248D1} = {66320409-64EC-F7C5-3DEF-65E7510DAAD1}
		{036A6A73-B90C-48EE-A761-CF023635C632} = {0AB3BF05-4346-4AA6-1389-037BE0695223}
	EndGlobalSection
EndGlobal
